<?xml version="1.0" encoding="utf-8"?>
<Project ToolsVersion="4.0" xmlns="http://schemas.microsoft.com/developer/msbuild/2003">
  <ItemGroup>
    <Filter Include="Rendering">
      <UniqueIdentifier>{8398351e-7476-4f06-aafd-15e3601fc6f0}</UniqueIdentifier>
    </Filter>
    <Filter Include="Rendering.DX11">
      <UniqueIdentifier>{63ef6fda-a123-4e74-98e5-c662fb8b21d6}</UniqueIdentifier>
    </Filter>
    <Filter Include="Core">
      <UniqueIdentifier>{166a8f4a-2a22-4dd0-b3c0-c5ad3bc16db4}</UniqueIdentifier>
    </Filter>
    <Filter Include="Content">
      <UniqueIdentifier>{5b16f82d-8624-4ddd-93c0-1980eeb49568}</UniqueIdentifier>
    </Filter>
    <Filter Include="Audio">
      <UniqueIdentifier>{0edacfdc-48db-43a7-ac45-59f2e90e62ca}</UniqueIdentifier>
    </Filter>
    <Filter Include="Types">
      <UniqueIdentifier>{3995c7f6-9e84-48d6-954a-e2ae36cb13ba}</UniqueIdentifier>
    </Filter>
    <Filter Include="Entities">
      <UniqueIdentifier>{e6acddd2-9d2c-4791-ab21-ce79e53f7112}</UniqueIdentifier>
    </Filter>
    <Filter Include="Input">
      <UniqueIdentifier>{33e5d4a8-66d1-43f2-9bdb-63c2a4f830e6}</UniqueIdentifier>
    </Filter>
    <Filter Include="Externals">
      <UniqueIdentifier>{a22658c7-09c5-4bb4-93f6-618acee93e53}</UniqueIdentifier>
    </Filter>
    <Filter Include="Externals\tlsf">
      <UniqueIdentifier>{18b5ceb8-93ae-4156-a0a7-1da1a1a0702c}</UniqueIdentifier>
    </Filter>
    <Filter Include="Externals\pugixml">
      <UniqueIdentifier>{ef237242-3081-4d7a-aa79-dc037f80db46}</UniqueIdentifier>
    </Filter>
    <Filter Include="Externals\stb">
      <UniqueIdentifier>{359a951f-0d2b-4445-bc27-ce1744fb2b3a}</UniqueIdentifier>
    </Filter>
    <Filter Include="Scripting">
      <UniqueIdentifier>{819324f0-e519-4172-870f-6f4f7bbbe372}</UniqueIdentifier>
    </Filter>
    <Filter Include="Externals\lua">
      <UniqueIdentifier>{d34f522c-491e-4ae0-a117-44e8e31d6670}</UniqueIdentifier>
    </Filter>
    <Filter Include="Audio.OpenAL">
      <UniqueIdentifier>{5aa80b8c-62e2-4f64-ba52-f48627327557}</UniqueIdentifier>
    </Filter>
    <Filter Include="Tools">
      <UniqueIdentifier>{2e47a76e-69f0-46ea-9910-a5229044d2cc}</UniqueIdentifier>
    </Filter>
    <Filter Include="Externals\freetype2">
      <UniqueIdentifier>{13263bc2-a42b-44a7-a72b-84c1a5a99507}</UniqueIdentifier>
    </Filter>
    <Filter Include="Externals\freetype2\modules">
      <UniqueIdentifier>{735a53fd-9a7f-4906-a052-a68786ae212a}</UniqueIdentifier>
    </Filter>
    <Filter Include="Multiplayer">
      <UniqueIdentifier>{fd96b272-f31c-4384-b345-b70bb79118f2}</UniqueIdentifier>
    </Filter>
  </ItemGroup>
  <ItemGroup>
    <ClCompile Include="Audio\GEAudioSystem.cpp">
      <Filter>Audio</Filter>
    </ClCompile>
    <ClCompile Include="Content\GEAudioData.cpp">
      <Filter>Content</Filter>
    </ClCompile>
    <ClCompile Include="Content\GEContentData.cpp">
      <Filter>Content</Filter>
    </ClCompile>
    <ClCompile Include="Content\GEImageData.cpp">
      <Filter>Content</Filter>
    </ClCompile>
    <ClCompile Include="Core\GEObject.cpp">
      <Filter>Core</Filter>
    </ClCompile>
    <ClCompile Include="Core\GERand.cpp">
      <Filter>Core</Filter>
    </ClCompile>
    <ClCompile Include="Core\GETimer.cpp">
      <Filter>Core</Filter>
    </ClCompile>
    <ClCompile Include="Core\GEUtils.cpp">
      <Filter>Core</Filter>
    </ClCompile>
    <ClCompile Include="Rendering\GEGraphicsDevice.cpp">
      <Filter>Rendering</Filter>
    </ClCompile>
    <ClCompile Include="Rendering\GEPrimitives.cpp">
      <Filter>Rendering</Filter>
    </ClCompile>
    <ClCompile Include="Rendering\GERenderSystem.cpp">
      <Filter>Rendering</Filter>
    </ClCompile>
    <ClCompile Include="Rendering\DX11\GERenderingShadersDX11.cpp">
      <Filter>Rendering.DX11</Filter>
    </ClCompile>
    <ClCompile Include="Rendering\DX11\GERenderSystemDX11.cpp">
      <Filter>Rendering.DX11</Filter>
    </ClCompile>
    <ClCompile Include="Core\GEValue.cpp">
      <Filter>Core</Filter>
    </ClCompile>
    <ClCompile Include="Core\GETime.cpp">
      <Filter>Core</Filter>
    </ClCompile>
    <ClCompile Include="Types\GERotation.cpp">
      <Filter>Types</Filter>
    </ClCompile>
    <ClCompile Include="Types\GEVector.cpp">
      <Filter>Types</Filter>
    </ClCompile>
    <ClCompile Include="Core\GEState.cpp">
      <Filter>Core</Filter>
    </ClCompile>
    <ClCompile Include="Rendering\GETexture.cpp">
      <Filter>Rendering</Filter>
    </ClCompile>
    <ClCompile Include="Rendering\GEFont.cpp">
      <Filter>Rendering</Filter>
    </ClCompile>
    <ClCompile Include="Entities\GEComponent.cpp">
      <Filter>Entities</Filter>
    </ClCompile>
    <ClCompile Include="Entities\GEComponentCamera.cpp">
      <Filter>Entities</Filter>
    </ClCompile>
    <ClCompile Include="Entities\GEComponentLight.cpp">
      <Filter>Entities</Filter>
    </ClCompile>
    <ClCompile Include="Entities\GEComponentMesh.cpp">
      <Filter>Entities</Filter>
    </ClCompile>
    <ClCompile Include="Entities\GEComponentRenderable.cpp">
      <Filter>Entities</Filter>
    </ClCompile>
    <ClCompile Include="Entities\GEComponentSprite.cpp">
      <Filter>Entities</Filter>
    </ClCompile>
    <ClCompile Include="Entities\GEComponentTransform.cpp">
      <Filter>Entities</Filter>
    </ClCompile>
    <ClCompile Include="Entities\GEEntity.cpp">
      <Filter>Entities</Filter>
    </ClCompile>
    <ClCompile Include="Entities\GEScene.cpp">
      <Filter>Entities</Filter>
    </ClCompile>
    <ClCompile Include="Core\GEParser.cpp">
      <Filter>Core</Filter>
    </ClCompile>
    <ClCompile Include="Core\GETaskManager.cpp">
      <Filter>Core</Filter>
    </ClCompile>
    <ClCompile Include="Core\GEStateManager.cpp">
      <Filter>Core</Filter>
    </ClCompile>
    <ClCompile Include="Core\GEApplication.cpp">
      <Filter>Core</Filter>
    </ClCompile>
    <ClCompile Include="Core\GEMath.cpp">
      <Filter>Core</Filter>
    </ClCompile>
    <ClCompile Include="Types\GEBezierCurve.cpp">
      <Filter>Types</Filter>
    </ClCompile>
    <ClCompile Include="Rendering\GEMaterial.cpp">
      <Filter>Rendering</Filter>
    </ClCompile>
    <ClCompile Include="Entities\GEComponentUIElement.cpp">
      <Filter>Entities</Filter>
    </ClCompile>
    <ClCompile Include="Core\GEAllocator.cpp">
      <Filter>Core</Filter>
    </ClCompile>
    <ClCompile Include="Rendering\DX11\GERenderTextureDX11.cpp">
      <Filter>Rendering.DX11</Filter>
    </ClCompile>
    <ClCompile Include="Types\GEEnumStrings.cpp">
      <Filter>Types</Filter>
    </ClCompile>
    <ClCompile Include="Core\GESerializable.cpp">
      <Filter>Core</Filter>
    </ClCompile>
    <ClCompile Include="Core\GEPhysics.cpp">
      <Filter>Core</Filter>
    </ClCompile>
    <ClCompile Include="Entities\GEComponentCollider.cpp">
      <Filter>Entities</Filter>
    </ClCompile>
    <ClCompile Include="Entities\GEComponentLabel.cpp">
      <Filter>Entities</Filter>
    </ClCompile>
    <ClCompile Include="Content\GEAnimation.cpp">
      <Filter>Content</Filter>
    </ClCompile>
    <ClCompile Include="Entities\GEComponentParticleSystem.cpp">
      <Filter>Entities</Filter>
    </ClCompile>
    <ClCompile Include="Content\GEMesh.cpp">
      <Filter>Content</Filter>
    </ClCompile>
    <ClCompile Include="Core\GEGeometry.cpp">
      <Filter>Core</Filter>
    </ClCompile>
    <ClCompile Include="Content\GESkeleton.cpp">
      <Filter>Content</Filter>
    </ClCompile>
    <ClCompile Include="Entities\GEComponentSkeleton.cpp">
      <Filter>Entities</Filter>
    </ClCompile>
    <ClCompile Include="Core\GEThreadPool.cpp">
      <Filter>Core</Filter>
    </ClCompile>
    <ClCompile Include="Content\GELocalizedString.cpp">
      <Filter>Content</Filter>
    </ClCompile>
    <ClCompile Include="Entities\GEComponentScript.cpp">
      <Filter>Entities</Filter>
    </ClCompile>
    <ClCompile Include="Rendering\GEShaderProgram.cpp">
      <Filter>Rendering</Filter>
    </ClCompile>
    <ClCompile Include="Input\GEInputSystem.cpp">
      <Filter>Input</Filter>
    </ClCompile>
    <ClCompile Include="Content\GEResourcesManager.cpp">
      <Filter>Content</Filter>
    </ClCompile>
    <ClCompile Include="Content\GEResource.cpp">
      <Filter>Content</Filter>
    </ClCompile>
    <ClCompile Include="Core\GEEvents.cpp">
      <Filter>Core</Filter>
    </ClCompile>
    <ClCompile Include="Entities\GEComponentDataContainer.cpp">
      <Filter>Entities</Filter>
    </ClCompile>
    <ClCompile Include="Types\GECurve.cpp">
      <Filter>Types</Filter>
    </ClCompile>
    <ClCompile Include="Externals\tlsf\tlsf.c">
      <Filter>Externals\tlsf</Filter>
    </ClCompile>
    <ClCompile Include="Externals\pugixml\pugixml.cpp">
      <Filter>Externals\pugixml</Filter>
    </ClCompile>
    <ClCompile Include="Externals\stblib\stb_image.c">
      <Filter>Externals\stb</Filter>
    </ClCompile>
    <ClCompile Include="Scripting\GEScriptingEnvironment.cpp">
      <Filter>Scripting</Filter>
    </ClCompile>
    <ClCompile Include="Externals\lua\src\lapi.c">
      <Filter>Externals\lua</Filter>
    </ClCompile>
    <ClCompile Include="Externals\lua\src\lauxlib.c">
      <Filter>Externals\lua</Filter>
    </ClCompile>
    <ClCompile Include="Externals\lua\src\lbaselib.c">
      <Filter>Externals\lua</Filter>
    </ClCompile>
    <ClCompile Include="Externals\lua\src\lbitlib.c">
      <Filter>Externals\lua</Filter>
    </ClCompile>
    <ClCompile Include="Externals\lua\src\lcode.c">
      <Filter>Externals\lua</Filter>
    </ClCompile>
    <ClCompile Include="Externals\lua\src\lcorolib.c">
      <Filter>Externals\lua</Filter>
    </ClCompile>
    <ClCompile Include="Externals\lua\src\lctype.c">
      <Filter>Externals\lua</Filter>
    </ClCompile>
    <ClCompile Include="Externals\lua\src\ldblib.c">
      <Filter>Externals\lua</Filter>
    </ClCompile>
    <ClCompile Include="Externals\lua\src\ldebug.c">
      <Filter>Externals\lua</Filter>
    </ClCompile>
    <ClCompile Include="Externals\lua\src\ldo.c">
      <Filter>Externals\lua</Filter>
    </ClCompile>
    <ClCompile Include="Externals\lua\src\ldump.c">
      <Filter>Externals\lua</Filter>
    </ClCompile>
    <ClCompile Include="Externals\lua\src\lfunc.c">
      <Filter>Externals\lua</Filter>
    </ClCompile>
    <ClCompile Include="Externals\lua\src\lgc.c">
      <Filter>Externals\lua</Filter>
    </ClCompile>
    <ClCompile Include="Externals\lua\src\linit.c">
      <Filter>Externals\lua</Filter>
    </ClCompile>
    <ClCompile Include="Externals\lua\src\liolib.c">
      <Filter>Externals\lua</Filter>
    </ClCompile>
    <ClCompile Include="Externals\lua\src\llex.c">
      <Filter>Externals\lua</Filter>
    </ClCompile>
    <ClCompile Include="Externals\lua\src\lmathlib.c">
      <Filter>Externals\lua</Filter>
    </ClCompile>
    <ClCompile Include="Externals\lua\src\lmem.c">
      <Filter>Externals\lua</Filter>
    </ClCompile>
    <ClCompile Include="Externals\lua\src\loadlib.c">
      <Filter>Externals\lua</Filter>
    </ClCompile>
    <ClCompile Include="Externals\lua\src\lobject.c">
      <Filter>Externals\lua</Filter>
    </ClCompile>
    <ClCompile Include="Externals\lua\src\lopcodes.c">
      <Filter>Externals\lua</Filter>
    </ClCompile>
    <ClCompile Include="Externals\lua\src\loslib.c">
      <Filter>Externals\lua</Filter>
    </ClCompile>
    <ClCompile Include="Externals\lua\src\lparser.c">
      <Filter>Externals\lua</Filter>
    </ClCompile>
    <ClCompile Include="Externals\lua\src\lstate.c">
      <Filter>Externals\lua</Filter>
    </ClCompile>
    <ClCompile Include="Externals\lua\src\lstring.c">
      <Filter>Externals\lua</Filter>
    </ClCompile>
    <ClCompile Include="Externals\lua\src\lstrlib.c">
      <Filter>Externals\lua</Filter>
    </ClCompile>
    <ClCompile Include="Externals\lua\src\ltable.c">
      <Filter>Externals\lua</Filter>
    </ClCompile>
    <ClCompile Include="Externals\lua\src\ltablib.c">
      <Filter>Externals\lua</Filter>
    </ClCompile>
    <ClCompile Include="Externals\lua\src\ltm.c">
      <Filter>Externals\lua</Filter>
    </ClCompile>
    <ClCompile Include="Externals\lua\src\lundump.c">
      <Filter>Externals\lua</Filter>
    </ClCompile>
    <ClCompile Include="Externals\lua\src\lutf8lib.c">
      <Filter>Externals\lua</Filter>
    </ClCompile>
    <ClCompile Include="Externals\lua\src\lvm.c">
      <Filter>Externals\lua</Filter>
    </ClCompile>
    <ClCompile Include="Externals\lua\src\lzio.c">
      <Filter>Externals\lua</Filter>
    </ClCompile>
    <ClCompile Include="Core\Windows\GEDevice.Windows.cpp">
      <Filter>Core</Filter>
    </ClCompile>
    <ClCompile Include="Core\Windows\GELog.Windows.cpp">
      <Filter>Core</Filter>
    </ClCompile>
    <ClCompile Include="Core\GEDevice.cpp">
      <Filter>Core</Filter>
    </ClCompile>
    <ClCompile Include="Core\GEInterpolator.cpp">
      <Filter>Core</Filter>
    </ClCompile>
    <ClCompile Include="Audio\OpenAL\GEAudioSystemOpenAL.cpp">
      <Filter>Audio.OpenAL</Filter>
    </ClCompile>
    <ClCompile Include="Audio\GEAudioBank.cpp">
      <Filter>Audio</Filter>
    </ClCompile>
    <ClCompile Include="Audio\GEAudioEvent.cpp">
      <Filter>Audio</Filter>
    </ClCompile>
    <ClCompile Include="Entities\GEComponentAudio.cpp">
      <Filter>Entities</Filter>
    </ClCompile>
    <ClCompile Include="Tools\GEContentCompiler.cpp">
      <Filter>Tools</Filter>
    </ClCompile>
    <ClCompile Include="Core\GEDistributionPlatform.cpp">
      <Filter>Core</Filter>
    </ClCompile>
    <ClCompile Include="Core\GESettings.cpp">
      <Filter>Core</Filter>
    </ClCompile>
    <ClCompile Include="Externals\freetype2\src\base\ftinit.c">
      <Filter>Externals\freetype2</Filter>
    </ClCompile>
    <ClCompile Include="Externals\freetype2\src\autofit\autofit.c">
      <Filter>Externals\freetype2</Filter>
    </ClCompile>
    <ClCompile Include="Externals\freetype2\src\truetype\truetype.c">
      <Filter>Externals\freetype2\modules</Filter>
    </ClCompile>
    <ClCompile Include="Externals\freetype2\src\type1\type1.c">
      <Filter>Externals\freetype2\modules</Filter>
    </ClCompile>
    <ClCompile Include="Externals\freetype2\src\type42\type42.c">
      <Filter>Externals\freetype2\modules</Filter>
    </ClCompile>
    <ClCompile Include="Externals\freetype2\src\winfonts\winfnt.c">
      <Filter>Externals\freetype2\modules</Filter>
    </ClCompile>
    <ClCompile Include="Externals\freetype2\src\cff\cff.c">
      <Filter>Externals\freetype2</Filter>
    </ClCompile>
    <ClCompile Include="Externals\freetype2\src\cid\type1cid.c">
      <Filter>Externals\freetype2\modules</Filter>
    </ClCompile>
    <ClCompile Include="Externals\freetype2\src\pcf\pcf.c">
      <Filter>Externals\freetype2\modules</Filter>
    </ClCompile>
    <ClCompile Include="Externals\freetype2\src\pfr\pfr.c">
      <Filter>Externals\freetype2\modules</Filter>
    </ClCompile>
    <ClCompile Include="Externals\freetype2\src\psaux\psaux.c">
      <Filter>Externals\freetype2\modules</Filter>
    </ClCompile>
    <ClCompile Include="Externals\freetype2\src\pshinter\pshinter.c">
      <Filter>Externals\freetype2\modules</Filter>
    </ClCompile>
    <ClCompile Include="Externals\freetype2\src\psnames\psmodule.c">
      <Filter>Externals\freetype2\modules</Filter>
    </ClCompile>
    <ClCompile Include="Externals\freetype2\src\raster\raster.c">
      <Filter>Externals\freetype2\modules</Filter>
    </ClCompile>
    <ClCompile Include="Externals\freetype2\src\sfnt\sfnt.c">
      <Filter>Externals\freetype2\modules</Filter>
    </ClCompile>
    <ClCompile Include="Externals\freetype2\src\smooth\smooth.c">
      <Filter>Externals\freetype2</Filter>
    </ClCompile>
    <ClCompile Include="Externals\freetype2\src\bdf\bdf.c">
      <Filter>Externals\freetype2</Filter>
    </ClCompile>
    <ClCompile Include="Externals\freetype2\src\base\ftbase.c">
      <Filter>Externals\freetype2</Filter>
    </ClCompile>
    <ClCompile Include="Externals\freetype2\src\base\ftbitmap.c">
      <Filter>Externals\freetype2</Filter>
    </ClCompile>
    <ClCompile Include="Externals\freetype2\src\base\ftsystem.c">
      <Filter>Externals\freetype2</Filter>
    </ClCompile>
    <ClCompile Include="Externals\freetype2\src\gzip\ftgzip.c">
      <Filter>Externals\freetype2</Filter>
    </ClCompile>
    <ClCompile Include="Externals\freetype2\src\lzw\ftlzw.c">
      <Filter>Externals\freetype2</Filter>
    </ClCompile>
    <ClCompile Include="Rendering\GETextRasterizer.cpp">
      <Filter>Rendering</Filter>
    </ClCompile>
  </ItemGroup>
  <ItemGroup>
    <ClInclude Include="Audio\GEAudioSystem.h">
      <Filter>Audio</Filter>
    </ClInclude>
    <ClInclude Include="Content\GEAudioData.h">
      <Filter>Content</Filter>
    </ClInclude>
    <ClInclude Include="Content\GEContentData.h">
      <Filter>Content</Filter>
    </ClInclude>
    <ClInclude Include="Content\GEImageData.h">
      <Filter>Content</Filter>
    </ClInclude>
    <ClInclude Include="Core\GEConstants.h">
      <Filter>Core</Filter>
    </ClInclude>
    <ClInclude Include="Core\GEDevice.h">
      <Filter>Core</Filter>
    </ClInclude>
    <ClInclude Include="Core\GEObject.h">
      <Filter>Core</Filter>
    </ClInclude>
    <ClInclude Include="Core\GERand.h">
      <Filter>Core</Filter>
    </ClInclude>
    <ClInclude Include="Core\GESingleton.h">
      <Filter>Core</Filter>
    </ClInclude>
    <ClInclude Include="Core\GEThreads.h">
      <Filter>Core</Filter>
    </ClInclude>
    <ClInclude Include="Core\GETimer.h">
      <Filter>Core</Filter>
    </ClInclude>
    <ClInclude Include="Core\GEUtils.h">
      <Filter>Core</Filter>
    </ClInclude>
    <ClInclude Include="Rendering\GEGraphicsDevice.h">
      <Filter>Rendering</Filter>
    </ClInclude>
    <ClInclude Include="Rendering\GEPrimitives.h">
      <Filter>Rendering</Filter>
    </ClInclude>
    <ClInclude Include="Rendering\GERenderingObjects.h">
      <Filter>Rendering</Filter>
    </ClInclude>
    <ClInclude Include="Rendering\GERenderSystem.h">
      <Filter>Rendering</Filter>
    </ClInclude>
    <ClInclude Include="Rendering\DX11\GERenderingShadersDX11.h">
      <Filter>Rendering.DX11</Filter>
    </ClInclude>
    <ClInclude Include="Rendering\DX11\GERenderSystemDX11.h">
      <Filter>Rendering.DX11</Filter>
    </ClInclude>
    <ClInclude Include="Core\GEPlatform.h">
      <Filter>Core</Filter>
    </ClInclude>
    <ClInclude Include="Core\GESerializable.h">
      <Filter>Core</Filter>
    </ClInclude>
    <ClInclude Include="Core\GEValue.h">
      <Filter>Core</Filter>
    </ClInclude>
    <ClInclude Include="Core\GETime.h">
      <Filter>Core</Filter>
    </ClInclude>
    <ClInclude Include="Types\GEColor.h">
      <Filter>Types</Filter>
    </ClInclude>
    <ClInclude Include="Types\GEQuaternion.h">
      <Filter>Types</Filter>
    </ClInclude>
    <ClInclude Include="Types\GERotation.h">
      <Filter>Types</Filter>
    </ClInclude>
    <ClInclude Include="Types\GETypes.h">
      <Filter>Types</Filter>
    </ClInclude>
    <ClInclude Include="Types\GEMatrix.h">
      <Filter>Types</Filter>
    </ClInclude>
    <ClInclude Include="Types\GEVector.h">
      <Filter>Types</Filter>
    </ClInclude>
    <ClInclude Include="Types\GETypeDefinitions.h">
      <Filter>Types</Filter>
    </ClInclude>
    <ClInclude Include="Core\GEState.h">
      <Filter>Core</Filter>
    </ClInclude>
    <ClInclude Include="Core\GEObjectManager.h">
      <Filter>Core</Filter>
    </ClInclude>
    <ClInclude Include="Rendering\GETexture.h">
      <Filter>Rendering</Filter>
    </ClInclude>
    <ClInclude Include="Rendering\GEFont.h">
      <Filter>Rendering</Filter>
    </ClInclude>
    <ClInclude Include="Rendering\GEMaterial.h">
      <Filter>Rendering</Filter>
    </ClInclude>
    <ClInclude Include="Entities\GEComponent.h">
      <Filter>Entities</Filter>
    </ClInclude>
    <ClInclude Include="Entities\GEComponentCamera.h">
      <Filter>Entities</Filter>
    </ClInclude>
    <ClInclude Include="Entities\GEComponentLight.h">
      <Filter>Entities</Filter>
    </ClInclude>
    <ClInclude Include="Entities\GEComponentMesh.h">
      <Filter>Entities</Filter>
    </ClInclude>
    <ClInclude Include="Entities\GEComponentRenderable.h">
      <Filter>Entities</Filter>
    </ClInclude>
    <ClInclude Include="Entities\GEComponentSprite.h">
      <Filter>Entities</Filter>
    </ClInclude>
    <ClInclude Include="Entities\GEComponentTransform.h">
      <Filter>Entities</Filter>
    </ClInclude>
    <ClInclude Include="Entities\GEComponentType.h">
      <Filter>Entities</Filter>
    </ClInclude>
    <ClInclude Include="Entities\GEEntity.h">
      <Filter>Entities</Filter>
    </ClInclude>
    <ClInclude Include="Entities\GEScene.h">
      <Filter>Entities</Filter>
    </ClInclude>
    <ClInclude Include="Core\GEParser.h">
      <Filter>Core</Filter>
    </ClInclude>
    <ClInclude Include="Core\GETaskManager.h">
      <Filter>Core</Filter>
    </ClInclude>
    <ClInclude Include="Core\GEStateManager.h">
      <Filter>Core</Filter>
    </ClInclude>
    <ClInclude Include="Core\GEApplication.h">
      <Filter>Core</Filter>
    </ClInclude>
    <ClInclude Include="Core\GEInterpolator.h">
      <Filter>Core</Filter>
    </ClInclude>
    <ClInclude Include="Core\GEMath.h">
      <Filter>Core</Filter>
    </ClInclude>
    <ClInclude Include="Types\GEBezierCurve.h">
      <Filter>Types</Filter>
    </ClInclude>
    <ClInclude Include="Entities\GEComponentUIElement.h">
      <Filter>Entities</Filter>
    </ClInclude>
    <ClInclude Include="Core\GEAllocator.h">
      <Filter>Core</Filter>
    </ClInclude>
    <ClInclude Include="Rendering\DX11\GERenderTextureDX11.h">
      <Filter>Rendering.DX11</Filter>
    </ClInclude>
    <ClInclude Include="Core\GEPhysics.h">
      <Filter>Core</Filter>
    </ClInclude>
    <ClInclude Include="Entities\GEComponentCollider.h">
      <Filter>Entities</Filter>
    </ClInclude>
    <ClInclude Include="Entities\GEComponentLabel.h">
      <Filter>Entities</Filter>
    </ClInclude>
    <ClInclude Include="Content\GEAnimation.h">
      <Filter>Content</Filter>
    </ClInclude>
    <ClInclude Include="Entities\GEComponentParticleSystem.h">
      <Filter>Entities</Filter>
    </ClInclude>
    <ClInclude Include="Content\GEGeometryData.h">
      <Filter>Content</Filter>
    </ClInclude>
    <ClInclude Include="Content\GEMesh.h">
      <Filter>Content</Filter>
    </ClInclude>
    <ClInclude Include="Core\GEGeometry.h">
      <Filter>Core</Filter>
    </ClInclude>
    <ClInclude Include="Content\GESkeleton.h">
      <Filter>Content</Filter>
    </ClInclude>
    <ClInclude Include="Entities\GEComponentSkeleton.h">
      <Filter>Entities</Filter>
    </ClInclude>
    <ClInclude Include="Core\GEProfiler.h">
      <Filter>Core</Filter>
    </ClInclude>
    <ClInclude Include="Core\GEThreadPool.h">
      <Filter>Core</Filter>
    </ClInclude>
    <ClInclude Include="Content\GELocalizedString.h">
      <Filter>Content</Filter>
    </ClInclude>
    <ClInclude Include="Entities\GEComponentScript.h">
      <Filter>Entities</Filter>
    </ClInclude>
    <ClInclude Include="Types\GESTLTypes.h">
      <Filter>Types</Filter>
    </ClInclude>
    <ClInclude Include="Rendering\GEShaderProgram.h">
      <Filter>Rendering</Filter>
    </ClInclude>
    <ClInclude Include="Input\GEInputSystem.h">
      <Filter>Input</Filter>
    </ClInclude>
    <ClInclude Include="Content\GEResourcesManager.h">
      <Filter>Content</Filter>
    </ClInclude>
    <ClInclude Include="Content\GEResource.h">
      <Filter>Content</Filter>
    </ClInclude>
    <ClInclude Include="Core\GEEvents.h">
      <Filter>Core</Filter>
    </ClInclude>
    <ClInclude Include="Entities\GEComponentDataContainer.h">
      <Filter>Entities</Filter>
    </ClInclude>
    <ClInclude Include="Types\GECurve.h">
      <Filter>Types</Filter>
    </ClInclude>
    <ClInclude Include="Externals\tlsf\tlsf.h">
      <Filter>Externals\tlsf</Filter>
    </ClInclude>
    <ClInclude Include="Externals\pugixml\pugiconfig.hpp">
      <Filter>Externals\pugixml</Filter>
    </ClInclude>
    <ClInclude Include="Externals\pugixml\pugixml.hpp">
      <Filter>Externals\pugixml</Filter>
    </ClInclude>
    <ClInclude Include="Externals\stblib\stb.h">
      <Filter>Externals\stb</Filter>
    </ClInclude>
    <ClInclude Include="Externals\stblib\stb_divide.h">
      <Filter>Externals\stb</Filter>
    </ClInclude>
    <ClInclude Include="Externals\stblib\stb_dxt.h">
      <Filter>Externals\stb</Filter>
    </ClInclude>
    <ClInclude Include="Externals\stblib\stb_image.h">
      <Filter>Externals\stb</Filter>
    </ClInclude>
    <ClInclude Include="Externals\stblib\stb_image_write.h">
      <Filter>Externals\stb</Filter>
    </ClInclude>
    <ClInclude Include="Externals\stblib\stb_perlin.h">
      <Filter>Externals\stb</Filter>
    </ClInclude>
    <ClInclude Include="Scripting\GEScriptingEnvironment.h">
      <Filter>Scripting</Filter>
    </ClInclude>
    <ClInclude Include="Externals\lua\src\lapi.h">
      <Filter>Externals\lua</Filter>
    </ClInclude>
    <ClInclude Include="Externals\lua\src\lauxlib.h">
      <Filter>Externals\lua</Filter>
    </ClInclude>
    <ClInclude Include="Externals\lua\src\lcode.h">
      <Filter>Externals\lua</Filter>
    </ClInclude>
    <ClInclude Include="Externals\lua\src\lctype.h">
      <Filter>Externals\lua</Filter>
    </ClInclude>
    <ClInclude Include="Externals\lua\src\ldebug.h">
      <Filter>Externals\lua</Filter>
    </ClInclude>
    <ClInclude Include="Externals\lua\src\ldo.h">
      <Filter>Externals\lua</Filter>
    </ClInclude>
    <ClInclude Include="Externals\lua\src\lfunc.h">
      <Filter>Externals\lua</Filter>
    </ClInclude>
    <ClInclude Include="Externals\lua\src\lgc.h">
      <Filter>Externals\lua</Filter>
    </ClInclude>
    <ClInclude Include="Externals\lua\src\llex.h">
      <Filter>Externals\lua</Filter>
    </ClInclude>
    <ClInclude Include="Externals\lua\src\llimits.h">
      <Filter>Externals\lua</Filter>
    </ClInclude>
    <ClInclude Include="Externals\lua\src\lmem.h">
      <Filter>Externals\lua</Filter>
    </ClInclude>
    <ClInclude Include="Externals\lua\src\lobject.h">
      <Filter>Externals\lua</Filter>
    </ClInclude>
    <ClInclude Include="Externals\lua\src\lopcodes.h">
      <Filter>Externals\lua</Filter>
    </ClInclude>
    <ClInclude Include="Externals\lua\src\lparser.h">
      <Filter>Externals\lua</Filter>
    </ClInclude>
    <ClInclude Include="Externals\lua\src\lprefix.h">
      <Filter>Externals\lua</Filter>
    </ClInclude>
    <ClInclude Include="Externals\lua\src\lstate.h">
      <Filter>Externals\lua</Filter>
    </ClInclude>
    <ClInclude Include="Externals\lua\src\lstring.h">
      <Filter>Externals\lua</Filter>
    </ClInclude>
    <ClInclude Include="Externals\lua\src\ltable.h">
      <Filter>Externals\lua</Filter>
    </ClInclude>
    <ClInclude Include="Externals\lua\src\ltm.h">
      <Filter>Externals\lua</Filter>
    </ClInclude>
    <ClInclude Include="Externals\lua\src\lua.h">
      <Filter>Externals\lua</Filter>
    </ClInclude>
    <ClInclude Include="Externals\lua\src\lua.hpp">
      <Filter>Externals\lua</Filter>
    </ClInclude>
    <ClInclude Include="Externals\lua\src\luaconf.h">
      <Filter>Externals\lua</Filter>
    </ClInclude>
    <ClInclude Include="Externals\lua\src\lualib.h">
      <Filter>Externals\lua</Filter>
    </ClInclude>
    <ClInclude Include="Externals\lua\src\lundump.h">
      <Filter>Externals\lua</Filter>
    </ClInclude>
    <ClInclude Include="Externals\lua\src\lvm.h">
      <Filter>Externals\lua</Filter>
    </ClInclude>
    <ClInclude Include="Externals\lua\src\lzio.h">
      <Filter>Externals\lua</Filter>
    </ClInclude>
    <ClInclude Include="Core\GELog.h">
      <Filter>Core</Filter>
    </ClInclude>
    <ClInclude Include="Audio\GEAudioBank.h">
      <Filter>Audio</Filter>
    </ClInclude>
    <ClInclude Include="Audio\GEAudioEvent.h">
      <Filter>Audio</Filter>
    </ClInclude>
    <ClInclude Include="Entities\GEComponentAudio.h">
      <Filter>Entities</Filter>
    </ClInclude>
    <ClInclude Include="Tools\GEContentCompiler.h">
      <Filter>Tools</Filter>
    </ClInclude>
    <ClInclude Include="Core\GEDistributionPlatform.h">
      <Filter>Core</Filter>
    </ClInclude>
    <ClInclude Include="Core\GESettings.h">
      <Filter>Core</Filter>
    </ClInclude>
    <ClInclude Include="Rendering\GETextRasterizer.h">
      <Filter>Rendering</Filter>
    </ClInclude>
    <ClInclude Include="Multiplayer\GEMultiplayer.h">
      <Filter>Multiplayer</Filter>
    </ClInclude>
  </ItemGroup>
</Project>